
Microsoft Visual Studio Solution File, Format Version 12.00
# Visual Studio Version 16
VisualStudioVersion = 16.0.31515.178
MinimumVisualStudioVersion = 10.0.40219.1
Project("{FAE04EC0-301F-11D3-BF4B-00C04F79EFBC}") = "DisinfectionAlarmSys", "Disinfection_AutoMail_Send\DisinfectionAlarmSys.csproj", "{2D10A9D4-A73E-4690-8466-E537BBEF1193}"
EndProject
Global
	GlobalSection(SolutionConfigurationPlatforms) = preSolution
		Debug|Any CPU = Debug|Any CPU
		Release|Any CPU = Release|Any CPU
	EndGlobalSection
	GlobalSection(ProjectConfigurationPlatforms) = postSolution
		{2D10A9D4-A73E-4690-8466-E537BBEF1193}.Debug|Any CPU.ActiveCfg = Debug|Any CPU
		{2D10A9D4-A73E-4690-8466-E537BBEF1193}.Debug|Any CPU.Build.0 = Debug|Any CPU
		{2D10A9D4-A73E-4690-8466-E537BBEF1193}.Release|Any CPU.ActiveCfg = Release|Any CPU
		{2D10A9D4-A73E-4690-8466-E537BBEF1193}.Release|Any CPU.Build.0 = Release|Any CPU
	EndGlobalSection
	GlobalSection(SolutionProperties) = preSolution
		HideSolutionNode = FALSE
	EndGlobalSection
	GlobalSection(ExtensibilityGlobals) = postSolution
		SolutionGuid = {7F5FBD30-08F5-426B-911F-76557D54CE0E}
	EndGlobalSection
EndGlobal
